// !$*UTF8*$!
{
	archiveVersion = 1;
	classes = {
	};
	objectVersion = 46;
	objects = {

/* Begin PBXBuildFile section */
		E68708DD16788DC000511424 /* UIKit.framework in Frameworks */ = {isa = PBXBuildFile; fileRef = E68708DC16788DC000511424 /* UIKit.framework */; };
		E68708DF16788DC000511424 /* Foundation.framework in Frameworks */ = {isa = PBXBuildFile; fileRef = E68708DE16788DC000511424 /* Foundation.framework */; };
		E68708E116788DC000511424 /* CoreGraphics.framework in Frameworks */ = {isa = PBXBuildFile; fileRef = E68708E016788DC000511424 /* CoreGraphics.framework */; };
		E68708E716788DC000511424 /* InfoPlist.strings in Resources */ = {isa = PBXBuildFile; fileRef = E68708E516788DC000511424 /* InfoPlist.strings */; };
		E68708E916788DC000511424 /* main.m in Sources */ = {isa = PBXBuildFile; fileRef = E68708E816788DC000511424 /* main.m */; };
		E68708ED16788DC000511424 /* AppDelegate.m in Sources */ = {isa = PBXBuildFile; fileRef = E68708EC16788DC000511424 /* AppDelegate.m */; };
		E68708EF16788DC000511424 /* Default.png in Resources */ = {isa = PBXBuildFile; fileRef = E68708EE16788DC000511424 /* Default.png */; };
		E68708F116788DC000511424 /* Default@2x.png in Resources */ = {isa = PBXBuildFile; fileRef = E68708F016788DC000511424 /* Default@2x.png */; };
		E68708F316788DC000511424 /* Default-568h@2x.png in Resources */ = {isa = PBXBuildFile; fileRef = E68708F216788DC000511424 /* Default-568h@2x.png */; };
		E68708F616788DC000511424 /* ViewController.m in Sources */ = {isa = PBXBuildFile; fileRef = E68708F516788DC000511424 /* ViewController.m */; };
		E68708F916788DC000511424 /* ViewController.xib in Resources */ = {isa = PBXBuildFile; fileRef = E68708F716788DC000511424 /* ViewController.xib */; };
		E687090016788DD700511424 /* img1.gif in Resources */ = {isa = PBXBuildFile; fileRef = E68708FF16788DD700511424 /* img1.gif */; };
		E687090216788DDF00511424 /* img2.gif in Resources */ = {isa = PBXBuildFile; fileRef = E687090116788DDF00511424 /* img2.gif */; };
		E687090416788E3200511424 /* img3.gif in Resources */ = {isa = PBXBuildFile; fileRef = E687090316788E3200511424 /* img3.gif */; };
		E687090616788E3500511424 /* img4.gif in Resources */ = {isa = PBXBuildFile; fileRef = E687090516788E3500511424 /* img4.gif */; };
		E687090816788E3900511424 /* img5.gif in Resources */ = {isa = PBXBuildFile; fileRef = E687090716788E3900511424 /* img5.gif */; };
		E687090A16788E3E00511424 /* img6.gif in Resources */ = {isa = PBXBuildFile; fileRef = E687090916788E3E00511424 /* img6.gif */; };
		E687090C16788E4100511424 /* img7.gif in Resources */ = {isa = PBXBuildFile; fileRef = E687090B16788E4100511424 /* img7.gif */; };
		E687090E16788E4500511424 /* img8.gif in Resources */ = {isa = PBXBuildFile; fileRef = E687090D16788E4500511424 /* img8.gif */; };
/* End PBXBuildFile section */

/* Begin PBXFileReference section */
		E68708D816788DC000511424 /* SonicSpeed.app */ = {isa = PBXFileReference; explicitFileType = wrapper.application; includeInIndex = 0; path = SonicSpeed.app; sourceTree = BUILT_PRODUCTS_DIR; };
		E68708DC16788DC000511424 /* UIKit.framework */ = {isa = PBXFileReference; lastKnownFileType = wrapper.framework; name = UIKit.framework; path = System/Library/Frameworks/UIKit.framework; sourceTree = SDKROOT; };
		E68708DE16788DC000511424 /* Foundation.framework */ = {isa = PBXFileReference; lastKnownFileType = wrapper.framework; name = Foundation.framework; path = System/Library/Frameworks/Foundation.framework; sourceTree = SDKROOT; };
		E68708E016788DC000511424 /* CoreGraphics.framework */ = {isa = PBXFileReference; lastKnownFileType = wrapper.framework; name = CoreGraphics.framework; path = System/Library/Frameworks/CoreGraphics.framework; sourceTree = SDKROOT; };
		E68708E416788DC000511424 /* SonicSpeed-Info.plist */ = {isa = PBXFileReference; lastKnownFileType = text.plist.xml; path = "SonicSpeed-Info.plist"; sourceTree = "<group>"; };
		E68708E616788DC000511424 /* en */ = {isa = PBXFileReference; lastKnownFileType = text.plist.strings; name = en; path = en.lproj/InfoPlist.strings; sourceTree = "<group>"; };
		E68708E816788DC000511424 /* main.m */ = {isa = PBXFileReference; lastKnownFileType = sourcecode.c.objc; path = main.m; sourceTree = "<group>"; };
		E68708EA16788DC000511424 /* SonicSpeed-Prefix.pch */ = {isa = PBXFileReference; lastKnownFileType = sourcecode.c.h; path = "SonicSpeed-Prefix.pch"; sourceTree = "<group>"; };
		E68708EB16788DC000511424 /* AppDelegate.h */ = {isa = PBXFileReference; lastKnownFileType = sourcecode.c.h; path = AppDelegate.h; sourceTree = "<group>"; };
		E68708EC16788DC000511424 /* AppDelegate.m */ = {isa = PBXFileReference; lastKnownFileType = sourcecode.c.objc; path = AppDelegate.m; sourceTree = "<group>"; };
		E68708EE16788DC000511424 /* Default.png */ = {isa = PBXFileReference; lastKnownFileType = image.png; path = Default.png; sourceTree = "<group>"; };
		E68708F016788DC000511424 /* Default@2x.png */ = {isa = PBXFileReference; lastKnownFileType = image.png; path = "Default@2x.png"; sourceTree = "<group>"; };
		E68708F216788DC000511424 /* Default-568h@2x.png */ = {isa = PBXFileReference; lastKnownFileType = image.png; path = "Default-568h@2x.png"; sourceTree = "<group>"; };
		E68708F416788DC000511424 /* ViewController.h */ = {isa = PBXFileReference; lastKnownFileType = sourcecode.c.h; path = ViewController.h; sourceTree = "<group>"; };
		E68708F516788DC000511424 /* ViewController.m */ = {isa = PBXFileReference; lastKnownFileType = sourcecode.c.objc; path = ViewController.m; sourceTree = "<group>"; };
		E68708F816788DC000511424 /* en */ = {isa = PBXFileReference; lastKnownFileType = file.xib; name = en; path = en.lproj/ViewController.xib; sourceTree = "<group>"; };
		E68708FF16788DD700511424 /* img1.gif */ = {isa = PBXFileReference; lastKnownFileType = image.gif; path = img1.gif; sourceTree = "<group>"; };
		E687090116788DDF00511424 /* img2.gif */ = {isa = PBXFileReference; lastKnownFileType = image.gif; path = img2.gif; sourceTree = "<group>"; };
		E687090316788E3200511424 /* img3.gif */ = {isa = PBXFileReference; lastKnownFileType = image.gif; path = img3.gif; sourceTree = "<group>"; };
		E687090516788E3500511424 /* img4.gif */ = {isa = PBXFileReference; lastKnownFileType = image.gif; path = img4.gif; sourceTree = "<group>"; };
		E687090716788E3900511424 /* img5.gif */ = {isa = PBXFileReference; lastKnownFileType = image.gif; path = img5.gif; sourceTree = "<group>"; };
		E687090916788E3E00511424 /* img6.gif */ = {isa = PBXFileReference; lastKnownFileType = image.gif; path = img6.gif; sourceTree = "<group>"; };
		E687090B16788E4100511424 /* img7.gif */ = {isa = PBXFileReference; lastKnownFileType = image.gif; path = img7.gif; sourceTree = "<group>"; };
		E687090D16788E4500511424 /* img8.gif */ = {isa = PBXFileReference; lastKnownFileType = image.gif; path = img8.gif; sourceTree = "<group>"; };
/* End PBXFileReference section */

/* Begin PBXFrameworksBuildPhase section */
		E68708D516788DC000511424 /* Frameworks */ = {
			isa = PBXFrameworksBuildPhase;
			buildActionMask = 2147483647;
			files = (
				E68708DD16788DC000511424 /* UIKit.framework in Frameworks */,
				E68708DF16788DC000511424 /* Foundation.framework in Frameworks */,
				E68708E116788DC000511424 /* CoreGraphics.framework in Frameworks */,
			);
			runOnlyForDeploymentPostprocessing = 0;
		};
/* End PBXFrameworksBuildPhase section */

/* Begin PBXGroup section */
		E68708CD16788DC000511424 = {
			isa = PBXGroup;
			children = (
				E68708E216788DC000511424 /* SonicSpeed */,
				E68708DB16788DC000511424 /* Frameworks */,
				E68708D916788DC000511424 /* Products */,
			);
			sourceTree = "<group>";
		};
		E68708D916788DC000511424 /* Products */ = {
			isa = PBXGroup;
			children = (
				E68708D816788DC000511424 /* SonicSpeed.app */,
			);
			name = Products;
			sourceTree = "<group>";
		};
		E68708DB16788DC000511424 /* Frameworks */ = {
			isa = PBXGroup;
			children = (
				E68708DC16788DC000511424 /* UIKit.framework */,
				E68708DE16788DC000511424 /* Foundation.framework */,
				E68708E016788DC000511424 /* CoreGraphics.framework */,
			);
			name = Frameworks;
			sourceTree = "<group>";
		};
		E68708E216788DC000511424 /* SonicSpeed */ = {
			isa = PBXGroup;
			children = (
				E68708EB16788DC000511424 /* AppDelegate.h */,
				E68708EC16788DC000511424 /* AppDelegate.m */,
				E68708F416788DC000511424 /* ViewController.h */,
				E68708F516788DC000511424 /* ViewController.m */,
				E68708F716788DC000511424 /* ViewController.xib */,
				E68708FF16788DD700511424 /* img1.gif */,
				E687090116788DDF00511424 /* img2.gif */,
				E687090316788E3200511424 /* img3.gif */,
				E687090516788E3500511424 /* img4.gif */,
				E687090716788E3900511424 /* img5.gif */,
				E687090916788E3E00511424 /* img6.gif */,
				E687090B16788E4100511424 /* img7.gif */,
				E687090D16788E4500511424 /* img8.gif */,
				E68708E316788DC000511424 /* Supporting Files */,
			);
			path = SonicSpeed;
			sourceTree = "<group>";
		};
		E68708E316788DC000511424 /* Supporting Files */ = {
			isa = PBXGroup;
			children = (
				E68708E416788DC000511424 /* SonicSpeed-Info.plist */,
				E68708E516788DC000511424 /* InfoPlist.strings */,
				E68708E816788DC000511424 /* main.m */,
				E68708EA16788DC000511424 /* SonicSpeed-Prefix.pch */,
				E68708EE16788DC000511424 /* Default.png */,
				E68708F016788DC000511424 /* Default@2x.png */,
				E68708F216788DC000511424 /* Default-568h@2x.png */,
			);
			name = "Supporting Files";
			sourceTree = "<group>";
		};
/* End PBXGroup section */

/* Begin PBXNativeTarget section */
		E68708D716788DC000511424 /* SonicSpeed */ = {
			isa = PBXNativeTarget;
			buildConfigurationList = E68708FC16788DC000511424 /* Build configuration list for PBXNativeTarget "SonicSpeed" */;
			buildPhases = (
				E68708D416788DC000511424 /* Sources */,
				E68708D516788DC000511424 /* Frameworks */,
				E68708D616788DC000511424 /* Resources */,
			);
			buildRules = (
			);
			dependencies = (
			);
			name = SonicSpeed;
			productName = SonicSpeed;
			productReference = E68708D816788DC000511424 /* SonicSpeed.app */;
			productType = "com.apple.product-type.application";
		};
/* End PBXNativeTarget section */

/* Begin PBXProject section */
		E68708CF16788DC000511424 /* Project object */ = {
			isa = PBXProject;
			attributes = {
				LastUpgradeCheck = 0450;
				ORGANIZATIONNAME = enterpi;
			};
			buildConfigurationList = E68708D216788DC000511424 /* Build configuration list for PBXProject "SonicSpeed" */;
			compatibilityVersion = "Xcode 3.2";
			developmentRegion = English;
			hasScannedForEncodings = 0;
			knownRegions = (
				en,
			);
			mainGroup = E68708CD16788DC000511424;
			productRefGroup = E68708D916788DC000511424 /* Products */;
			projectDirPath = "";
			projectRoot = "";
			targets = (
				E68708D716788DC000511424 /* SonicSpeed */,
			);
		};
/* End PBXProject section */

/* Begin PBXResourcesBuildPhase section */
		E68708D616788DC000511424 /* Resources */ = {
			isa = PBXResourcesBuildPhase;
			buildActionMask = 2147483647;
			files = (
				E68708E716788DC000511424 /* InfoPlist.strings in Resources */,
				E68708EF16788DC000511424 /* Default.png in Resources */,
				E68708F116788DC000511424 /* Default@2x.png in Resources */,
				E68708F316788DC000511424 /* Default-568h@2x.png in Resources */,
				E68708F916788DC000511424 /* ViewController.xib in Resources */,
				E687090016788DD700511424 /* img1.gif in Resources */,
				E687090216788DDF00511424 /* img2.gif in Resources */,
				E687090416788E3200511424 /* img3.gif in Resources */,
				E687090616788E3500511424 /* img4.gif in Resources */,
				E687090816788E3900511424 /* img5.gif in Resources */,
				E687090A16788E3E00511424 /* img6.gif in Resources */,
				E687090C16788E4100511424 /* img7.gif in Resources */,
				E687090E16788E4500511424 /* img8.gif in Resources */,
			);
			runOnlyForDeploymentPostprocessing = 0;
		};
/* End PBXResourcesBuildPhase section */

/* Begin PBXSourcesBuildPhase section */
		E68708D416788DC000511424 /* Sources */ = {
			isa = PBXSourcesBuildPhase;
			buildActionMask = 2147483647;
			files = (
				E68708E916788DC000511424 /* main.m in Sources */,
				E68708ED16788DC000511424 /* AppDelegate.m in Sources */,
				E68708F616788DC000511424 /* ViewController.m in Sources */,
			);
			runOnlyForDeploymentPostprocessing = 0;
		};
/* End PBXSourcesBuildPhase section */

/* Begin PBXVariantGroup section */
		E68708E516788DC000511424 /* InfoPlist.strings */ = {
			isa = PBXVariantGroup;
			children = (
				E68708E616788DC000511424 /* en */,
			);
			name = InfoPlist.strings;
			sourceTree = "<group>";
		};
		E68708F716788DC000511424 /* ViewController.xib */ = {
			isa = PBXVariantGroup;
			children = (
				E68708F816788DC000511424 /* en */,
			);
			name = ViewController.xib;
			sourceTree = "<group>";
		};
/* End PBXVariantGroup section */

/* Begin XCBuildConfiguration section */
		E68708FA16788DC000511424 /* Debug */ = {
			isa = XCBuildConfiguration;
			buildSettings = {
				ALWAYS_SEARCH_USER_PATHS = NO;
				CLANG_CXX_LANGUAGE_STANDARD = "gnu++0x";
				CLANG_CXX_LIBRARY = "libc++";
				CLANG_ENABLE_OBJC_ARC = YES;
				CLANG_WARN_EMPTY_BODY = YES;
				CLANG_WARN__DUPLICATE_METHOD_MATCH = YES;
				"CODE_SIGN_IDENTITY[sdk=iphoneos*]" = "iPhone Developer";
				COPY_PHASE_STRIP = NO;
				GCC_C_LANGUAGE_STANDARD = gnu99;
				GCC_DYNAMIC_NO_PIC = NO;
				GCC_OPTIMIZATION_LEVEL = 0;
				GCC_PREPROCESSOR_DEFINITIONS = (
					"DEBUG=1",
					"$(inherited)",
				);
				GCC_SYMBOLS_PRIVATE_EXTERN = NO;
				GCC_WARN_ABOUT_RETURN_TYPE = YES;
				GCC_WARN_UNINITIALIZED_AUTOS = YES;
				GCC_WARN_UNUSED_VARIABLE = YES;
				IPHONEOS_DEPLOYMENT_TARGET = 6.0;
				ONLY_ACTIVE_ARCH = YES;
				SDKROOT = iphoneos;
			};
			name = Debug;
		};
		E68708FB16788DC000511424 /* Release */ = {
			isa = XCBuildConfiguration;
			buildSettings = {
				ALWAYS_SEARCH_USER_PATHS = NO;
				CLANG_CXX_LANGUAGE_STANDARD = "gnu++0x";
				CLANG_CXX_LIBRARY = "libc++";
				CLANG_ENABLE_OBJC_ARC = YES;
				CLANG_WARN_EMPTY_BODY = YES;
				CLANG_WARN__DUPLICATE_METHOD_MATCH = YES;
				"CODE_SIGN_IDENTITY[sdk=iphoneos*]" = "iPhone Developer";
				COPY_PHASE_STRIP = YES;
				GCC_C_LANGUAGE_STANDARD = gnu99;
				GCC_WARN_ABOUT_RETURN_TYPE = YES;
				GCC_WARN_UNINITIALIZED_AUTOS = YES;
				GCC_WARN_UNUSED_VARIABLE = YES;
				IPHONEOS_DEPLOYMENT_TARGET = 6.0;
				OTHER_CFLAGS = "-DNS_BLOCK_ASSERTIONS=1";
				SDKROOT = iphoneos;
				VALIDATE_PRODUCT = YES;
			};
			name = Release;
		};
		E68708FD16788DC000511424 /* Debug */ = {
			isa = XCBuildConfiguration;
			buildSettings = {
				GCC_PRECOMPILE_PREFIX_HEADER = YES;
				GCC_PREFIX_HEADER = "SonicSpeed/SonicSpeed-Prefix.pch";
				INFOPLIST_FILE = "SonicSpeed/SonicSpeed-Info.plist";
				PRODUCT_NAME = "$(TARGET_NAME)";
				WRAPPER_EXTENSION = app;
			};
			name = Debug;
		};
		E68708FE16788DC000511424 /* Release */ = {
			isa = XCBuildConfiguration;
			buildSettings = {
				GCC_PRECOMPILE_PREFIX_HEADER = YES;
				GCC_PREFIX_HEADER = "SonicSpeed/SonicSpeed-Prefix.pch";
				INFOPLIST_FILE = "SonicSpeed/SonicSpeed-Info.plist";
				PRODUCT_NAME = "$(TARGET_NAME)";
				WRAPPER_EXTENSION = app;
			};
			name = Release;
		};
/* End XCBuildConfiguration section */

/* Begin XCConfigurationList section */
		E68708D216788DC000511424 /* Build configuration list for PBXProject "SonicSpeed" */ = {
			isa = XCConfigurationList;
			buildConfigurations = (
				E68708FA16788DC000511424 /* Debug */,
				E68708FB16788DC000511424 /* Release */,
			);
			defaultConfigurationIsVisible = 0;
			defaultConfigurationName = Release;
		};
		E68708FC16788DC000511424 /* Build configuration list for PBXNativeTarget "SonicSpeed" */ = {
			isa = XCConfigurationList;
			buildConfigurations = (
				E68708FD16788DC000511424 /* Debug */,
				E68708FE16788DC000511424 /* Release */,
			);
			defaultConfigurationIsVisible = 0;
		};
/* End XCConfigurationList section */
	};
	rootObject = E68708CF16788DC000511424 /* Project object */;
}
